
Microsoft Visual Studio Solution File, Format Version 12.00
# Visual Studio Version 16
VisualStudioVersion = 16.0.31624.102
MinimumVisualStudioVersion = 10.0.40219.1
Project("{2150E333-8FDC-42A3-9474-1A3956D46DE8}") = "Source", "Source", "{367C83B1-C103-4F0B-A096-9A01275C7625}"
EndProject
Project("{2150E333-8FDC-42A3-9474-1A3956D46DE8}") = "services", "services", "{829C0D19-BF42-4663-9BFB-4AF9564EDED2}"
EndProject
Project("{2150E333-8FDC-42A3-9474-1A3956D46DE8}") = "WebApi", "WebApi", "{8B1C8AEA-EA5A-409C-B361-D3EBA0405AB8}"
EndProject
Project("{2150E333-8FDC-42A3-9474-1A3956D46DE8}") = "Client", "Client", "{BF1B19B5-6994-437C-A44D-6A861BC61BD9}"
EndProject
Project("{2150E333-8FDC-42A3-9474-1A3956D46DE8}") = "1.0 - Presentation", "1.0 - Presentation", "{5B969B78-D1FE-4865-91E1-39486844EB13}"
EndProject
Project("{2150E333-8FDC-42A3-9474-1A3956D46DE8}") = "2.0 - Application", "2.0 - Application", "{8631C775-8EB5-4D16-B660-1641EA292A4D}"
EndProject
Project("{2150E333-8FDC-42A3-9474-1A3956D46DE8}") = "3.0 - Domain", "3.0 - Domain", "{D0229377-FFEE-4CA5-8D82-F2086B58E66A}"
EndProject
Project("{2150E333-8FDC-42A3-9474-1A3956D46DE8}") = "4.0 - Infrastructure", "4.0 - Infrastructure", "{C826E00E-3A71-45C9-8BD0-9880E53A4561}"
EndProject
Project("{9A19103F-16F7-4668-BE54-9A1E7A4F7556}") = "ConsultaCEP.WebApi.Domain", "Source\services\WebApi\3.0 - Domain\ConsultaCEP.WebApi.Domain\ConsultaCEP.WebApi.Domain.csproj", "{527A88D5-2ADE-4947-8633-97DB05593CC3}"
EndProject
Project("{2150E333-8FDC-42A3-9474-1A3956D46DE8}") = "4.1 - Data", "4.1 - Data", "{08DD7096-8D3D-45A8-A320-AFF7C1E0ADE7}"
EndProject
Project("{2150E333-8FDC-42A3-9474-1A3956D46DE8}") = "4.2 - ExternalServices", "4.2 - ExternalServices", "{9EBEE388-9C57-45E0-8701-27D2AE40C35B}"
EndProject
Project("{9A19103F-16F7-4668-BE54-9A1E7A4F7556}") = "ConsultaCEP.WebApi.ExternalServices", "Source\services\WebApi\4.0 - Infrastructure\4.2 - ExternalServices\ConsultaCEP.WebApi.ExternalServices\ConsultaCEP.WebApi.ExternalServices.csproj", "{BA01DC16-0DA3-4E79-AAC6-64E452FD6575}"
EndProject
Project("{9A19103F-16F7-4668-BE54-9A1E7A4F7556}") = "ConsultaCEP.WebApi.Data", "Source\services\WebApi\4.0 - Infrastructure\4.1 - Data\ConsultaCEP.WebAPi.Data\ConsultaCEP.WebApi.Data.csproj", "{0B8D40BF-C5FB-42E3-A232-DE2931E57BBD}"
EndProject
Project("{9A19103F-16F7-4668-BE54-9A1E7A4F7556}") = "ConsultaCEP.WebApi.Application", "Source\services\WebApi\2.0 - Application\ConsultaCEP.WebApi.Application\ConsultaCEP.WebApi.Application.csproj", "{4C505096-6C5F-46E8-8ADF-FD176581BD3F}"
EndProject
Project("{2150E333-8FDC-42A3-9474-1A3956D46DE8}") = "4.3 - CrossCutting", "4.3 - CrossCutting", "{18F426C0-B48D-4ABD-81E3-33B9DB83C3A7}"
EndProject
Project("{9A19103F-16F7-4668-BE54-9A1E7A4F7556}") = "ConsultaCEP.WebApi.CrossCutting", "Source\services\WebApi\4.0 - Infrastructure\4.3 - CrossCutting\ConsultaCEP.WebApi.CrossCutting\ConsultaCEP.WebApi.CrossCutting.csproj", "{29350023-2F9C-47A8-B14A-63B1E72B77C9}"
EndProject
Project("{FAE04EC0-301F-11D3-BF4B-00C04F79EFBC}") = "ConsultaCEP.WebApi", "Source\services\WebApi\1.0 - Presentation\ConsultaCEP.WebApi\ConsultaCEP.WebApi.csproj", "{EC272549-1CB8-4300-BBB3-D84100A8E2E7}"
EndProject
Global
	GlobalSection(SolutionConfigurationPlatforms) = preSolution
		Debug|Any CPU = Debug|Any CPU
		Release|Any CPU = Release|Any CPU
	EndGlobalSection
	GlobalSection(ProjectConfigurationPlatforms) = postSolution
		{527A88D5-2ADE-4947-8633-97DB05593CC3}.Debug|Any CPU.ActiveCfg = Debug|Any CPU
		{527A88D5-2ADE-4947-8633-97DB05593CC3}.Debug|Any CPU.Build.0 = Debug|Any CPU
		{527A88D5-2ADE-4947-8633-97DB05593CC3}.Release|Any CPU.ActiveCfg = Release|Any CPU
		{527A88D5-2ADE-4947-8633-97DB05593CC3}.Release|Any CPU.Build.0 = Release|Any CPU
		{BA01DC16-0DA3-4E79-AAC6-64E452FD6575}.Debug|Any CPU.ActiveCfg = Debug|Any CPU
		{BA01DC16-0DA3-4E79-AAC6-64E452FD6575}.Debug|Any CPU.Build.0 = Debug|Any CPU
		{BA01DC16-0DA3-4E79-AAC6-64E452FD6575}.Release|Any CPU.ActiveCfg = Release|Any CPU
		{BA01DC16-0DA3-4E79-AAC6-64E452FD6575}.Release|Any CPU.Build.0 = Release|Any CPU
		{0B8D40BF-C5FB-42E3-A232-DE2931E57BBD}.Debug|Any CPU.ActiveCfg = Debug|Any CPU
		{0B8D40BF-C5FB-42E3-A232-DE2931E57BBD}.Debug|Any CPU.Build.0 = Debug|Any CPU
		{0B8D40BF-C5FB-42E3-A232-DE2931E57BBD}.Release|Any CPU.ActiveCfg = Release|Any CPU
		{0B8D40BF-C5FB-42E3-A232-DE2931E57BBD}.Release|Any CPU.Build.0 = Release|Any CPU
		{4C505096-6C5F-46E8-8ADF-FD176581BD3F}.Debug|Any CPU.ActiveCfg = Debug|Any CPU
		{4C505096-6C5F-46E8-8ADF-FD176581BD3F}.Debug|Any CPU.Build.0 = Debug|Any CPU
		{4C505096-6C5F-46E8-8ADF-FD176581BD3F}.Release|Any CPU.ActiveCfg = Release|Any CPU
		{4C505096-6C5F-46E8-8ADF-FD176581BD3F}.Release|Any CPU.Build.0 = Release|Any CPU
		{29350023-2F9C-47A8-B14A-63B1E72B77C9}.Debug|Any CPU.ActiveCfg = Debug|Any CPU
		{29350023-2F9C-47A8-B14A-63B1E72B77C9}.Debug|Any CPU.Build.0 = Debug|Any CPU
		{29350023-2F9C-47A8-B14A-63B1E72B77C9}.Release|Any CPU.ActiveCfg = Release|Any CPU
		{29350023-2F9C-47A8-B14A-63B1E72B77C9}.Release|Any CPU.Build.0 = Release|Any CPU
		{EC272549-1CB8-4300-BBB3-D84100A8E2E7}.Debug|Any CPU.ActiveCfg = Debug|Any CPU
		{EC272549-1CB8-4300-BBB3-D84100A8E2E7}.Debug|Any CPU.Build.0 = Debug|Any CPU
		{EC272549-1CB8-4300-BBB3-D84100A8E2E7}.Release|Any CPU.ActiveCfg = Release|Any CPU
		{EC272549-1CB8-4300-BBB3-D84100A8E2E7}.Release|Any CPU.Build.0 = Release|Any CPU
	EndGlobalSection
	GlobalSection(SolutionProperties) = preSolution
		HideSolutionNode = FALSE
	EndGlobalSection
	GlobalSection(NestedProjects) = preSolution
		{829C0D19-BF42-4663-9BFB-4AF9564EDED2} = {367C83B1-C103-4F0B-A096-9A01275C7625}
		{8B1C8AEA-EA5A-409C-B361-D3EBA0405AB8} = {829C0D19-BF42-4663-9BFB-4AF9564EDED2}
		{BF1B19B5-6994-437C-A44D-6A861BC61BD9} = {367C83B1-C103-4F0B-A096-9A01275C7625}
		{5B969B78-D1FE-4865-91E1-39486844EB13} = {8B1C8AEA-EA5A-409C-B361-D3EBA0405AB8}
		{8631C775-8EB5-4D16-B660-1641EA292A4D} = {8B1C8AEA-EA5A-409C-B361-D3EBA0405AB8}
		{D0229377-FFEE-4CA5-8D82-F2086B58E66A} = {8B1C8AEA-EA5A-409C-B361-D3EBA0405AB8}
		{C826E00E-3A71-45C9-8BD0-9880E53A4561} = {8B1C8AEA-EA5A-409C-B361-D3EBA0405AB8}
		{527A88D5-2ADE-4947-8633-97DB05593CC3} = {D0229377-FFEE-4CA5-8D82-F2086B58E66A}
		{08DD7096-8D3D-45A8-A320-AFF7C1E0ADE7} = {C826E00E-3A71-45C9-8BD0-9880E53A4561}
		{9EBEE388-9C57-45E0-8701-27D2AE40C35B} = {C826E00E-3A71-45C9-8BD0-9880E53A4561}
		{BA01DC16-0DA3-4E79-AAC6-64E452FD6575} = {9EBEE388-9C57-45E0-8701-27D2AE40C35B}
		{0B8D40BF-C5FB-42E3-A232-DE2931E57BBD} = {08DD7096-8D3D-45A8-A320-AFF7C1E0ADE7}
		{4C505096-6C5F-46E8-8ADF-FD176581BD3F} = {8631C775-8EB5-4D16-B660-1641EA292A4D}
		{18F426C0-B48D-4ABD-81E3-33B9DB83C3A7} = {C826E00E-3A71-45C9-8BD0-9880E53A4561}
		{29350023-2F9C-47A8-B14A-63B1E72B77C9} = {18F426C0-B48D-4ABD-81E3-33B9DB83C3A7}
		{EC272549-1CB8-4300-BBB3-D84100A8E2E7} = {5B969B78-D1FE-4865-91E1-39486844EB13}
	EndGlobalSection
	GlobalSection(ExtensibilityGlobals) = postSolution
		SolutionGuid = {33309C49-D418-423C-9047-1244ECC9086E}
	EndGlobalSection
EndGlobal
